PODS:
  - aaa (0.1.0)
  - Expecta (1.0.6)
  - Expecta+Snapshots (3.1.1):
    - Expecta (~> 1.0)
    - FBSnapshotTestCase/Core (~> 2.0)
    - Specta (~> 1.0)
  - FBSnapshotTestCase (2.1.4):
    - FBSnapshotTestCase/SwiftSupport (= 2.1.4)
  - FBSnapshotTestCase/Core (2.1.4)
  - FBSnapshotTestCase/SwiftSupport (2.1.4):
    - FBSnapshotTestCase/Core
  - Specta (1.0.7)

DEPENDENCIES:
  - aaa (from `../aaa.podspec`)
  - Expecta
  - Expecta+Snapshots
  - FBSnapshotTestCase
  - Specta

EXTERNAL SOURCES:
  aaa:
    :path: "../aaa.podspec"

SPEC CHECKSUMS:
  aaa: 06553f264f7c13f947a6091fb5c2fb86b9c842f8
  Expecta: 3b6bd90a64b9a1dcb0b70aa0e10a7f8f631667d5
  Expecta+Snapshots: dcff217eef506dabd6dfdc7864ea2da321fafbb8
  FBSnapshotTestCase: 094f9f314decbabe373b87cc339bea235a63e07a
  Specta: 3e1bd89c3517421982dc4d1c992503e48bd5fe66

PODFILE CHECKSUM: 88852d8e226205f66460b8203ff2396d5542898e

COCOAPODS: 1.2.1
